{
  "version": 1,
  "dependencies": {
    "net10.0": {
      "Argu": {
        "type": "Direct",
        "requested": "[6.*, )",
        "resolved": "6.2.5",
        "contentHash": "68vfXYZCcyTFtC11Z26+S4cSyEPiUJ8PL+iGuYpIbCsH+TN27bIxV/QczHXus/+iSCOfjMJsBffBC90mlzKXrw==",
        "dependencies": {
          "FSharp.Core": "6.0.0",
          "System.Configuration.ConfigurationManager": "4.4.0"
        }
      },
      "FSharp.Core": {
        "type": "Direct",
        "requested": "[10.1.204, )",
        "resolved": "10.1.204",
        "contentHash": "f2HG4CIS+sfFuRY7DYnEa6P/qEW2g4b6O54jcDD9OkDewWlbk7sd2dbL+Enm3/tVSEsMrgQA7m1+smdizBC6fg=="
      },
      "Queil.FSharp.FscHost": {
        "type": "Direct",
        "requested": "[0.54.0, )",
        "resolved": "0.54.0",
        "contentHash": "mHVN4JPSIVfUgKtK/CvAfvHTLVWEgNFI+7R0UW02+2O/2yjuwSD1TYPesMKrlOgy874dLIjVSjAmKRgERzqjNw==",
        "dependencies": {
          "FSharp.Compiler.Service": "43.12.204",
          "FSharp.Core": "10.1.204",
          "Queil.FSharp.DependencyManager.Paket": "0.54.0",
          "Queil.FSharp.Hashing": "0.54.0"
        }
      },
      "Chessie": {
        "type": "Transitive",
        "resolved": "0.6.0",
        "contentHash": "EzfvxiU+b9WmW2C1Q4Ns2AX2IAq6I6n8P+Lv4gzKmeDoj8FD+goHLMqwoaE08E91nQwlEzxd9iwkdwf5E5YGCQ==",
        "dependencies": {
          "FSharp.Core": "4.0.1.7-alpha",
          "NETStandard.Library": "1.6.0"
        }
      },
      "FSharp.Compiler.Service": {
        "type": "Transitive",
        "resolved": "43.12.204",
        "contentHash": "RT0mncKtzX7w3e1aHoueOVKLUiRGhIbX7sIl4E1DUACbiGkMm3AH7GbIhqkHD3INEALQPQx8O6yNzOG5A1fefA==",
        "dependencies": {
          "FSharp.Core": "[10.1.204]"
        }
      },
      "Microsoft.NETCore.Platforms": {
        "type": "Transitive",
        "resolved": "1.0.1",
        "contentHash": "2G6OjjJzwBfNOO8myRV/nFrbTw5iA+DEm0N+qUqhrOmaVtn4pC77h38I1jsXGw5VH55+dPfQsqHD0We9sCl9FQ=="
      },
      "Mono.Cecil": {
        "type": "Transitive",
        "resolved": "0.11.3",
        "contentHash": "DNYE+io5XfEE8+E+5padThTPHJARJHbz1mhbhMPNrrWGKVKKqj/KEeLvbawAmbIcT73NuxLV7itHZaYCZcVWGg=="
      },
      "NETStandard.Library": {
        "type": "Transitive",
        "resolved": "1.6.0",
        "contentHash": "ypsCvIdCZ4IoYASJHt6tF2fMo7N30NLgV1EbmC+snO490OMl9FvVxmumw14rhReWU3j3g7BYudG6YCrchwHJlA==",
        "dependencies": {
          "Microsoft.NETCore.Platforms": "1.0.1"
        }
      },
      "Newtonsoft.Json": {
        "type": "Transitive",
        "resolved": "13.0.1",
        "contentHash": "ppPFpBcvxdsfUonNcvITKqLl3bqxWbDCZIzDWHzjpdAHRFfZe0Dw9HmA0+za13IdyrgJwpkDTDA9fHaxOrt20A=="
      },
      "NuGet.Common": {
        "type": "Transitive",
        "resolved": "5.11.7",
        "contentHash": "Oggh2phPUvSa701HVKqQrDPCXa06qQ66vHKzktXT4k6ZmrWy7U2xOleKNOJskAeYGVEErm+39TKKjig1y92wHg==",
        "dependencies": {
          "NuGet.Frameworks": "5.11.7"
        }
      },
      "NuGet.Configuration": {
        "type": "Transitive",
        "resolved": "5.11.7",
        "contentHash": "JwDOb/X4za5CE//0Zk6mefzOLtJi+2VzURao8SWYlbP71JIdnk/0X4zo7hW75UsSC8z/1B9nQbS30jCxt6J01g==",
        "dependencies": {
          "NuGet.Common": "5.11.7",
          "System.Security.Cryptography.ProtectedData": "4.4.0"
        }
      },
      "NuGet.Frameworks": {
        "type": "Transitive",
        "resolved": "5.11.7",
        "contentHash": "mwIGf5wcIz5p6Muc0vg33x/LQs7ngaOuO8lEY7UZjIrOJur5r+qwu+Ux9MZshF/IV0JhLm698ev9dT2DIyhfng=="
      },
      "NuGet.Packaging": {
        "type": "Transitive",
        "resolved": "5.11.7",
        "contentHash": "T4GQRKg5D0z3ZQR7s5tvRCG1ObvhPOJUheCTvbph3+YlbDBGOVr9ksjCgGgms2YOk8s3IFXA61pgcWANoqjE4g==",
        "dependencies": {
          "Newtonsoft.Json": "9.0.1",
          "NuGet.Configuration": "5.11.7",
          "NuGet.Versioning": "5.11.7",
          "System.Security.Cryptography.Pkcs": "5.0.0"
        }
      },
      "NuGet.Versioning": {
        "type": "Transitive",
        "resolved": "5.11.7",
        "contentHash": "zqlxNkLLDBUYKUekymidXkZadnJ3Jero+hBkLmoh8Qrw+mJkFx+XyVsJWTq2/ttirwLNXm+jakM08y+1tL62Qg=="
      },
      "Paket.Core": {
        "type": "Transitive",
        "resolved": "10.3.1",
        "contentHash": "Ze6aFN4hgz3q755Jd3PCYeRT4Srb903zEWYqiAZQRnCzqLP5DOdeFWo7creXoHN7hFssQbfRb9Movdpdn8o3mA==",
        "dependencies": {
          "Chessie": "0.6.0",
          "FSharp.Core": "9.0.101",
          "Mono.Cecil": "[0.11.3, 0.12.0)",
          "Newtonsoft.Json": "13.0.1",
          "Nuget.Packaging": "5.11.6",
          "System.Net.Http.WinHttpHandler": "5.0.0",
          "System.Security.Cryptography.ProtectedData": "5.0.0"
        }
      },
      "Queil.FSharp.DependencyManager.Paket": {
        "type": "Transitive",
        "resolved": "0.54.0",
        "contentHash": "GAV6Rk6w3CbHsfLASi01Hj1VJvGeVWxxEXrmbAovob6sgkqfMG42/LIo6xnI2qgtkDrYs9CXXEmWYNR3l+OV9A==",
        "dependencies": {
          "FSharp.Core": "10.1.204",
          "NuGet.Packaging": "5.11.7",
          "Paket.Core": "10.3.1",
          "Queil.FSharp.Hashing": "0.54.0"
        }
      },
      "Queil.FSharp.Hashing": {
        "type": "Transitive",
        "resolved": "0.54.0",
        "contentHash": "4pdJYh5oMisWn9fhrbc9jESi3HSQBlE34b2M7oWu3LmNqXAVKg6QEjN7KMTOf/EEDBbxZrf6CvIIWFg5A7lcug==",
        "dependencies": {
          "FSharp.Core": "10.1.204"
        }
      },
      "System.Configuration.ConfigurationManager": {
        "type": "Transitive",
        "resolved": "4.4.0",
        "contentHash": "gWwQv/Ug1qWJmHCmN17nAbxJYmQBM/E94QxKLksvUiiKB1Ld3Sc/eK1lgmbSjDFxkQhVuayI/cGFZhpBSodLrg==",
        "dependencies": {
          "System.Security.Cryptography.ProtectedData": "4.4.0"
        }
      },
      "System.Net.Http.WinHttpHandler": {
        "type": "Transitive",
        "resolved": "5.0.0",
        "contentHash": "Mq6dPidztlkEwzjmzK4gtla8N8MTfjCyd0yub/8DY5UbkbV82wU+kiMoBHHjQ2fY70RrdraEoeZFgH915lHJhg=="
      },
      "System.Security.Cryptography.Pkcs": {
        "type": "Transitive",
        "resolved": "5.0.0",
        "contentHash": "9TPLGjBCGKmNvG8pjwPeuYy0SMVmGZRwlTZvyPHDbYv/DRkoeumJdfumaaDNQzVGMEmbWtg07zUpSW9q70IlDQ=="
      },
      "System.Security.Cryptography.ProtectedData": {
        "type": "Transitive",
        "resolved": "5.0.0",
        "contentHash": "HGxMSAFAPLNoxBvSfW08vHde0F9uh7BjASwu6JF9JnXuEPhCY3YUqURn0+bQV/4UWeaqymmrHWV+Aw9riQCtCA=="
      }
    },
    "net9.0": {
      "Argu": {
        "type": "Direct",
        "requested": "[6.*, )",
        "resolved": "6.2.5",
        "contentHash": "68vfXYZCcyTFtC11Z26+S4cSyEPiUJ8PL+iGuYpIbCsH+TN27bIxV/QczHXus/+iSCOfjMJsBffBC90mlzKXrw==",
        "dependencies": {
          "FSharp.Core": "6.0.0",
          "System.Configuration.ConfigurationManager": "4.4.0"
        }
      },
      "FSharp.Core": {
        "type": "Direct",
        "requested": "[10.1.204, )",
        "resolved": "10.1.204",
        "contentHash": "f2HG4CIS+sfFuRY7DYnEa6P/qEW2g4b6O54jcDD9OkDewWlbk7sd2dbL+Enm3/tVSEsMrgQA7m1+smdizBC6fg=="
      },
      "Queil.FSharp.FscHost": {
        "type": "Direct",
        "requested": "[0.54.0, )",
        "resolved": "0.54.0",
        "contentHash": "mHVN4JPSIVfUgKtK/CvAfvHTLVWEgNFI+7R0UW02+2O/2yjuwSD1TYPesMKrlOgy874dLIjVSjAmKRgERzqjNw==",
        "dependencies": {
          "FSharp.Compiler.Service": "43.12.204",
          "FSharp.Core": "10.1.204",
          "Queil.FSharp.DependencyManager.Paket": "0.54.0",
          "Queil.FSharp.Hashing": "0.54.0"
        }
      },
      "Chessie": {
        "type": "Transitive",
        "resolved": "0.6.0",
        "contentHash": "EzfvxiU+b9WmW2C1Q4Ns2AX2IAq6I6n8P+Lv4gzKmeDoj8FD+goHLMqwoaE08E91nQwlEzxd9iwkdwf5E5YGCQ==",
        "dependencies": {
          "FSharp.Core": "4.0.1.7-alpha",
          "NETStandard.Library": "1.6.0"
        }
      },
      "FSharp.Compiler.Service": {
        "type": "Transitive",
        "resolved": "43.12.204",
        "contentHash": "RT0mncKtzX7w3e1aHoueOVKLUiRGhIbX7sIl4E1DUACbiGkMm3AH7GbIhqkHD3INEALQPQx8O6yNzOG5A1fefA==",
        "dependencies": {
          "FSharp.Core": "[10.1.204]"
        }
      },
      "Microsoft.NETCore.Platforms": {
        "type": "Transitive",
        "resolved": "1.0.1",
        "contentHash": "2G6OjjJzwBfNOO8myRV/nFrbTw5iA+DEm0N+qUqhrOmaVtn4pC77h38I1jsXGw5VH55+dPfQsqHD0We9sCl9FQ=="
      },
      "Mono.Cecil": {
        "type": "Transitive",
        "resolved": "0.11.3",
        "contentHash": "DNYE+io5XfEE8+E+5padThTPHJARJHbz1mhbhMPNrrWGKVKKqj/KEeLvbawAmbIcT73NuxLV7itHZaYCZcVWGg=="
      },
      "NETStandard.Library": {
        "type": "Transitive",
        "resolved": "1.6.0",
        "contentHash": "ypsCvIdCZ4IoYASJHt6tF2fMo7N30NLgV1EbmC+snO490OMl9FvVxmumw14rhReWU3j3g7BYudG6YCrchwHJlA==",
        "dependencies": {
          "Microsoft.NETCore.Platforms": "1.0.1"
        }
      },
      "Newtonsoft.Json": {
        "type": "Transitive",
        "resolved": "13.0.1",
        "contentHash": "ppPFpBcvxdsfUonNcvITKqLl3bqxWbDCZIzDWHzjpdAHRFfZe0Dw9HmA0+za13IdyrgJwpkDTDA9fHaxOrt20A=="
      },
      "NuGet.Common": {
        "type": "Transitive",
        "resolved": "5.11.7",
        "contentHash": "Oggh2phPUvSa701HVKqQrDPCXa06qQ66vHKzktXT4k6ZmrWy7U2xOleKNOJskAeYGVEErm+39TKKjig1y92wHg==",
        "dependencies": {
          "NuGet.Frameworks": "5.11.7"
        }
      },
      "NuGet.Configuration": {
        "type": "Transitive",
        "resolved": "5.11.7",
        "contentHash": "JwDOb/X4za5CE//0Zk6mefzOLtJi+2VzURao8SWYlbP71JIdnk/0X4zo7hW75UsSC8z/1B9nQbS30jCxt6J01g==",
        "dependencies": {
          "NuGet.Common": "5.11.7",
          "System.Security.Cryptography.ProtectedData": "4.4.0"
        }
      },
      "NuGet.Frameworks": {
        "type": "Transitive",
        "resolved": "5.11.7",
        "contentHash": "mwIGf5wcIz5p6Muc0vg33x/LQs7ngaOuO8lEY7UZjIrOJur5r+qwu+Ux9MZshF/IV0JhLm698ev9dT2DIyhfng=="
      },
      "NuGet.Packaging": {
        "type": "Transitive",
        "resolved": "5.11.7",
        "contentHash": "T4GQRKg5D0z3ZQR7s5tvRCG1ObvhPOJUheCTvbph3+YlbDBGOVr9ksjCgGgms2YOk8s3IFXA61pgcWANoqjE4g==",
        "dependencies": {
          "Newtonsoft.Json": "9.0.1",
          "NuGet.Configuration": "5.11.7",
          "NuGet.Versioning": "5.11.7",
          "System.Security.Cryptography.Cng": "5.0.0",
          "System.Security.Cryptography.Pkcs": "5.0.0"
        }
      },
      "NuGet.Versioning": {
        "type": "Transitive",
        "resolved": "5.11.7",
        "contentHash": "zqlxNkLLDBUYKUekymidXkZadnJ3Jero+hBkLmoh8Qrw+mJkFx+XyVsJWTq2/ttirwLNXm+jakM08y+1tL62Qg=="
      },
      "Paket.Core": {
        "type": "Transitive",
        "resolved": "10.3.1",
        "contentHash": "Ze6aFN4hgz3q755Jd3PCYeRT4Srb903zEWYqiAZQRnCzqLP5DOdeFWo7creXoHN7hFssQbfRb9Movdpdn8o3mA==",
        "dependencies": {
          "Chessie": "0.6.0",
          "FSharp.Core": "9.0.101",
          "Mono.Cecil": "[0.11.3, 0.12.0)",
          "Newtonsoft.Json": "13.0.1",
          "Nuget.Packaging": "5.11.6",
          "System.Net.Http.WinHttpHandler": "5.0.0",
          "System.Security.Cryptography.ProtectedData": "5.0.0"
        }
      },
      "Queil.FSharp.DependencyManager.Paket": {
        "type": "Transitive",
        "resolved": "0.54.0",
        "contentHash": "GAV6Rk6w3CbHsfLASi01Hj1VJvGeVWxxEXrmbAovob6sgkqfMG42/LIo6xnI2qgtkDrYs9CXXEmWYNR3l+OV9A==",
        "dependencies": {
          "FSharp.Core": "10.1.204",
          "NuGet.Packaging": "5.11.7",
          "Paket.Core": "10.3.1",
          "Queil.FSharp.Hashing": "0.54.0"
        }
      },
      "Queil.FSharp.Hashing": {
        "type": "Transitive",
        "resolved": "0.54.0",
        "contentHash": "4pdJYh5oMisWn9fhrbc9jESi3HSQBlE34b2M7oWu3LmNqXAVKg6QEjN7KMTOf/EEDBbxZrf6CvIIWFg5A7lcug==",
        "dependencies": {
          "FSharp.Core": "10.1.204"
        }
      },
      "System.Configuration.ConfigurationManager": {
        "type": "Transitive",
        "resolved": "4.4.0",
        "contentHash": "gWwQv/Ug1qWJmHCmN17nAbxJYmQBM/E94QxKLksvUiiKB1Ld3Sc/eK1lgmbSjDFxkQhVuayI/cGFZhpBSodLrg==",
        "dependencies": {
          "System.Security.Cryptography.ProtectedData": "4.4.0"
        }
      },
      "System.Net.Http.WinHttpHandler": {
        "type": "Transitive",
        "resolved": "5.0.0",
        "contentHash": "Mq6dPidztlkEwzjmzK4gtla8N8MTfjCyd0yub/8DY5UbkbV82wU+kiMoBHHjQ2fY70RrdraEoeZFgH915lHJhg=="
      },
      "System.Security.Cryptography.Cng": {
        "type": "Transitive",
        "resolved": "5.0.0",
        "contentHash": "jIMXsKn94T9JY7PvPq/tMfqa6GAaHpElRDpmG+SuL+D3+sTw2M8VhnibKnN8Tq+4JqbPJ/f+BwtLeDMEnzAvRg=="
      },
      "System.Security.Cryptography.Pkcs": {
        "type": "Transitive",
        "resolved": "5.0.0",
        "contentHash": "9TPLGjBCGKmNvG8pjwPeuYy0SMVmGZRwlTZvyPHDbYv/DRkoeumJdfumaaDNQzVGMEmbWtg07zUpSW9q70IlDQ==",
        "dependencies": {
          "System.Security.Cryptography.Cng": "5.0.0"
        }
      },
      "System.Security.Cryptography.ProtectedData": {
        "type": "Transitive",
        "resolved": "5.0.0",
        "contentHash": "HGxMSAFAPLNoxBvSfW08vHde0F9uh7BjASwu6JF9JnXuEPhCY3YUqURn0+bQV/4UWeaqymmrHWV+Aw9riQCtCA=="
      }
    }
  }
}